
Microsoft Visual Studio Solution File, Format Version 12.00
# Visual Studio 15
VisualStudioVersion = 15.0.28010.2046
MinimumVisualStudioVersion = 10.0.40219.1
Project("{FAE04EC0-301F-11D3-BF4B-00C04F79EFBC}") = "WebAppsWithoutSecrets", "WebAppsWithoutSecrets\WebAppsWithoutSecrets.csproj", "{F1E3BE3A-9A18-4EAA-97DB-056BCB9D0C0D}"
EndProject
Project("{151D2E53-A2C4-4D7D-83FE-D05416EBD58E}") = "deployment", "deployment\deployment.deployproj", "{970197C0-824D-4EE1-ACE7-5AE883F4D0F9}"
EndProject
Project("{2150E333-8FDC-42A3-9474-1A3956D46DE8}") = "Solution Items", "Solution Items", "{5ACF45D4-D5E7-43C4-B6FE-C541A6D6BB30}"
	ProjectSection(SolutionItems) = preProject
		readme.md = readme.md
	EndProjectSection
EndProject
Global
	GlobalSection(SolutionConfigurationPlatforms) = preSolution
		Debug|Any CPU = Debug|Any CPU
		Release|Any CPU = Release|Any CPU
	EndGlobalSection
	GlobalSection(ProjectConfigurationPlatforms) = postSolution
		{F1E3BE3A-9A18-4EAA-97DB-056BCB9D0C0D}.Debug|Any CPU.ActiveCfg = Debug|Any CPU
		{F1E3BE3A-9A18-4EAA-97DB-056BCB9D0C0D}.Debug|Any CPU.Build.0 = Debug|Any CPU
		{F1E3BE3A-9A18-4EAA-97DB-056BCB9D0C0D}.Release|Any CPU.ActiveCfg = Release|Any CPU
		{F1E3BE3A-9A18-4EAA-97DB-056BCB9D0C0D}.Release|Any CPU.Build.0 = Release|Any CPU
		{970197C0-824D-4EE1-ACE7-5AE883F4D0F9}.Debug|Any CPU.ActiveCfg = Debug|Any CPU
		{970197C0-824D-4EE1-ACE7-5AE883F4D0F9}.Debug|Any CPU.Build.0 = Debug|Any CPU
		{970197C0-824D-4EE1-ACE7-5AE883F4D0F9}.Release|Any CPU.ActiveCfg = Release|Any CPU
		{970197C0-824D-4EE1-ACE7-5AE883F4D0F9}.Release|Any CPU.Build.0 = Release|Any CPU
	EndGlobalSection
	GlobalSection(SolutionProperties) = preSolution
		HideSolutionNode = FALSE
	EndGlobalSection
	GlobalSection(ExtensibilityGlobals) = postSolution
		SolutionGuid = {E9403A0A-6780-4184-8E7A-A4D3B94083D5}
	EndGlobalSection
EndGlobal
